
Microsoft Visual Studio Solution File, Format Version 12.00
# Visual Studio Version 17
VisualStudioVersion = 17.4.33103.184
MinimumVisualStudioVersion = 10.0.40219.1
Project("{FAE04EC0-301F-11D3-BF4B-00C04F79EFBC}") = "Alschy.QueueWorker.Azure.ServiceBus", "Alschy.QueueWorker.Azure.ServiceBus.csproj", "{FB219209-FCA6-4CC5-9D5D-F3D5420E3112}"
EndProject
Global
	GlobalSection(SolutionConfigurationPlatforms) = preSolution
		Debug|Any CPU = Debug|Any CPU
		Release|Any CPU = Release|Any CPU
	EndGlobalSection
	GlobalSection(ProjectConfigurationPlatforms) = postSolution
		{FB219209-FCA6-4CC5-9D5D-F3D5420E3112}.Debug|Any CPU.ActiveCfg = Debug|Any CPU
		{FB219209-FCA6-4CC5-9D5D-F3D5420E3112}.Debug|Any CPU.Build.0 = Debug|Any CPU
		{FB219209-FCA6-4CC5-9D5D-F3D5420E3112}.Release|Any CPU.ActiveCfg = Release|Any CPU
		{FB219209-FCA6-4CC5-9D5D-F3D5420E3112}.Release|Any CPU.Build.0 = Release|Any CPU
	EndGlobalSection
	GlobalSection(SolutionProperties) = preSolution
		HideSolutionNode = FALSE
	EndGlobalSection
	GlobalSection(ExtensibilityGlobals) = postSolution
		SolutionGuid = {0F312505-8BCB-4E8B-BB04-AF72E7C2AED5}
	EndGlobalSection
EndGlobal
